PODS:
  - Adjust (3.4.0)
  - AFNetworking (2.5.0):
    - AFNetworking/NSURLConnection (= 2.5.0)
    - AFNetworking/NSURLSession (= 2.5.0)
    - AFNetworking/Reachability (= 2.5.0)
    - AFNetworking/Security (= 2.5.0)
    - AFNetworking/Serialization (= 2.5.0)
    - AFNetworking/UIKit (= 2.5.0)
  - AFNetworking/NSURLConnection (2.5.0):
    - AFNetworking/Reachability
    - AFNetworking/Security
    - AFNetworking/Serialization
  - AFNetworking/NSURLSession (2.5.0):
    - AFNetworking/Reachability
    - AFNetworking/Security
    - AFNetworking/Serialization
  - AFNetworking/Reachability (2.5.0)
  - AFNetworking/Security (2.5.0)
  - AFNetworking/Serialization (2.5.0)
  - AFNetworking/UIKit (2.5.0):
    - AFNetworking/NSURLConnection
    - AFNetworking/NSURLSession
  - Amplitude-iOS (2.2.2)
  - Analytics/Core-iOS (1.8.6):
    - TRVSDictionaryWithCaseInsensitivity (= 0.0.2)
  - Analytics/Segmentio (1.8.6):
    - Analytics/Core-iOS
  - ARAnalytics (2.9.1):
    - ARAnalytics/no_clash_HockeyApp (= 2.9.1)
  - ARAnalytics/Adjust (2.9.1):
    - Adjust
    - ARAnalytics/CoreIOS
  - ARAnalytics/Amplitude (2.9.1):
    - Amplitude-iOS
    - ARAnalytics/CoreIOS
  - ARAnalytics/Bugsnag (2.9.1):
    - ARAnalytics/CoreIOS
    - Bugsnag
  - ARAnalytics/Chartbeat (2.9.1):
    - ARAnalytics/CoreIOS
    - Chartbeat
  - ARAnalytics/CoreIOS (2.9.1)
  - ARAnalytics/Countly (2.9.1):
    - ARAnalytics/CoreIOS
    - Countly
  - ARAnalytics/Crashlytics (2.9.1):
    - ARAnalytics/CoreIOS
  - ARAnalytics/Flurry (2.9.1):
    - ARAnalytics/CoreIOS
    - FlurrySDK
  - ARAnalytics/GoogleAnalytics (2.9.1):
    - ARAnalytics/CoreIOS
    - GoogleAnalytics-iOS-SDK
  - ARAnalytics/HeapAnalytics (2.9.1):
    - ARAnalytics/CoreIOS
    - Heap
  - ARAnalytics/Helpshift (2.9.1):
    - ARAnalytics/CoreIOS
    - Helpshift
  - ARAnalytics/HockeyApp (2.9.1):
    - ARAnalytics/CoreIOS
    - HockeySDK
  - ARAnalytics/KISSmetrics (2.9.1):
    - ARAnalytics/CoreIOS
    - KISSmetrics
  - ARAnalytics/Librato (2.9.1):
    - ARAnalytics/CoreIOS
  - ARAnalytics/Localytics (2.9.1):
    - ARAnalytics/CoreIOS
    - Localytics-iOS-Client
  - ARAnalytics/Mixpanel (2.9.1):
    - ARAnalytics/CoreIOS
    - Mixpanel
  - ARAnalytics/NewRelic (2.9.1):
    - ARAnalytics/CoreIOS
    - NewRelicAgent
  - ARAnalytics/no_clash_HockeyApp (2.9.1):
    - ARAnalytics/Adjust
    - ARAnalytics/Amplitude
    - ARAnalytics/Bugsnag
    - ARAnalytics/Chartbeat
    - ARAnalytics/Countly
    - ARAnalytics/Crashlytics
    - ARAnalytics/Flurry
    - ARAnalytics/GoogleAnalytics
    - ARAnalytics/HeapAnalytics
    - ARAnalytics/Helpshift
    - ARAnalytics/HockeyApp
    - ARAnalytics/KISSmetrics
    - ARAnalytics/KISSmetricsOSX
    - ARAnalytics/Librato
    - ARAnalytics/Localytics
    - ARAnalytics/Mixpanel
    - ARAnalytics/MixpanelOSX
    - ARAnalytics/NewRelic
    - ARAnalytics/ParseAnalytics
    - ARAnalytics/Segmentio
    - ARAnalytics/Tapstream
    - ARAnalytics/TestFlight
    - ARAnalytics/UMengAnalytics
    - ARAnalytics/YandexMobileMetrica
  - ARAnalytics/ParseAnalytics (2.9.1):
    - ARAnalytics/CoreIOS
    - Parse
  - ARAnalytics/Segmentio (2.9.1):
    - Analytics/Segmentio
    - ARAnalytics/CoreIOS
  - ARAnalytics/Tapstream (2.9.1):
    - ARAnalytics/CoreIOS
    - Tapstream
  - ARAnalytics/TestFlight (2.9.1):
    - ARAnalytics/CoreIOS
    - BPXLUUIDHandler
    - TestFlightSDK
  - ARAnalytics/UMengAnalytics (2.9.1):
    - ARAnalytics/CoreIOS
    - UMengAnalytics
  - ARAnalytics/YandexMobileMetrica (2.9.1):
    - ARAnalytics/CoreIOS
    - YandexMobileMetrica
  - Bolts (1.1.3)
  - BPXLUUIDHandler (0.0.1)
  - Bugsnag (3.1.2)
  - Chartbeat (0.0.1)
  - Countly (2.0.0)
  - EstimoteSDK (2.2.1)
  - FlurrySDK (5.4.0):
    - FlurrySDK/FlurrySDK (= 5.4.0)
  - FlurrySDK/FlurrySDK (5.4.0)
  - FMDB (2.2):
    - FMDB/standard (= 2.2)
  - FMDB/common (2.2)
  - FMDB/standard (2.2):
    - FMDB/common
  - GoogleAnalytics-iOS-SDK (3.10)
  - Heap (2.0.7)
  - Helpshift (4.9.1)
  - HockeySDK (3.6.1)
  - KISSmetrics (1.2.0)
  - KSCrash/Recording (0.0.3)
  - KSCrash/Reporting/Filters/AppleFmt (0.0.3):
    - KSCrash/Recording
    - KSCrash/Reporting/Filters/Base
  - KSCrash/Reporting/Filters/Base (0.0.3):
    - KSCrash/Recording
  - Localytics-iOS-Client (2.71.0)
  - Mixpanel (2.5.4)
  - NewRelicAgent (4.83)
  - Parse (1.5.0):
    - Bolts (~> 1.1.3)
  - protobuf-c (0.15)
  - Tapstream (2.8.4)
  - TestFlightSDK (3.0.2)
  - TRVSDictionaryWithCaseInsensitivity (0.0.2)
  - UMengAnalytics (3.1.8)
  - YandexMobileMetrica (1.6.1):
    - FMDB (= 2.2.0)
    - KSCrash/Recording (~> 0.0.3)
    - KSCrash/Reporting/Filters/AppleFmt (~> 0.0.3)
    - protobuf-c (= 0.15)

DEPENDENCIES:
  - AFNetworking
  - ARAnalytics
  - EstimoteSDK

SPEC CHECKSUMS:
  Adjust: 4ebd3068d22a136d7bbd20925911f4bebcb9c9cd
  AFNetworking: 0f54cb5d16ce38c1b76948faffb8d5fb705021c7
  Amplitude-iOS: cc96a1aca607fc37ff31613d3e8bddcdf670a398
  Analytics: 0c7054c0774b0ab6af6dd28fc436164a224cb18d
  ARAnalytics: a06e6d012b5999d8598ec9bacec45c8a8099f668
  Bolts: 3db0a875235e0c9042b013af13af0f00f79b102c
  BPXLUUIDHandler: 12376ecdba7aa93b7fb3da32e9130e6593d7ef99
  Bugsnag: 74d109dfa41b55d16890c987c7551ca071afd3d2
  Chartbeat: c77a243f92c396abb7e647819d7806b01b339b91
  Countly: 8d39cae855e6925578ff65b82c42db379fb9863d
  EstimoteSDK: 3ae789ad99ce7a830d4679b8e4b663449f90ada3
  FlurrySDK: bed9e5598353f867508d164795a451e3ada92cb6
  FMDB: f6f4511ad1e9ace38e9b6f4d83c2cddaabf98ea6
  GoogleAnalytics-iOS-SDK: e5872d2acc120613d954320e206c7e3bc8357d7c
  Heap: 1b322ca06f68f34dd90d8158289884785eb8aaf6
  Helpshift: a2cc5a7d4a56678decd1ab911eb710a927952eac
  HockeySDK: 15b24068466aa5ee421eed0cc1d58428d698edf6
  KISSmetrics: 67213618a68b1e730d9dd50ef0b263f278cc43af
  KSCrash: c0a693b2d83ced5c15a40d4e916833c655475e6a
  Localytics-iOS-Client: 3553cabdfcd6255364ec9eb3ecfe9ec4f74d7be4
  Mixpanel: 87167a0b0a74f11f0ee3787f291357494730617c
  NewRelicAgent: 1adba1fb51631f598a2a130e7b1c3be1de715736
  Parse: 7de25b6f70f0b233e5d25835f62eabfa91e4f9d7
  protobuf-c: 0177b8dbc4afc4ec5d01e868b3e25a7400b98ca0
  Tapstream: bd3b1e92f8e18ab69bb89b83dfa2c5283cd405b4
  TestFlightSDK: 0c24c533748d0d84bfe7a3cb6036fa79124d84ee
  TRVSDictionaryWithCaseInsensitivity: a61daa8469fa079e05b694f6aad5441785c837d1
  UMengAnalytics: c263b4e0f27e91551b7e79eacdf812f1bae0e256
  YandexMobileMetrica: d570b4182c091523c02510654d0af4cd8b95631f

COCOAPODS: 0.35.0
